
Microsoft Visual Studio Solution File, Format Version 12.00
# Visual Studio Version 17
VisualStudioVersion = 17.9.34728.123
MinimumVisualStudioVersion = 10.0.40219.1
Project("{FAE04EC0-301F-11D3-BF4B-00C04F79EFBC}") = "16.EnergiaTotalQueAlmacenaNuestroCuerpo", "16.EnergiaTotalQueAlmacenaNuestroCuerpo\16.EnergiaTotalQueAlmacenaNuestroCuerpo.csproj", "{960662DC-DEB0-4BA4-9F32-F9DA1E7B663B}"
EndProject
Global
	GlobalSection(SolutionConfigurationPlatforms) = preSolution
		Debug|Any CPU = Debug|Any CPU
		Release|Any CPU = Release|Any CPU
	EndGlobalSection
	GlobalSection(ProjectConfigurationPlatforms) = postSolution
		{960662DC-DEB0-4BA4-9F32-F9DA1E7B663B}.Debug|Any CPU.ActiveCfg = Debug|Any CPU
		{960662DC-DEB0-4BA4-9F32-F9DA1E7B663B}.Debug|Any CPU.Build.0 = Debug|Any CPU
		{960662DC-DEB0-4BA4-9F32-F9DA1E7B663B}.Release|Any CPU.ActiveCfg = Release|Any CPU
		{960662DC-DEB0-4BA4-9F32-F9DA1E7B663B}.Release|Any CPU.Build.0 = Release|Any CPU
	EndGlobalSection
	GlobalSection(SolutionProperties) = preSolution
		HideSolutionNode = FALSE
	EndGlobalSection
	GlobalSection(ExtensibilityGlobals) = postSolution
		SolutionGuid = {AF254A5E-F364-4B8F-9801-37B8C32E6C82}
	EndGlobalSection
EndGlobal
