
Microsoft Visual Studio Solution File, Format Version 12.00
# Visual Studio Version 17
VisualStudioVersion = 17.9.34728.123
MinimumVisualStudioVersion = 10.0.40219.1
Project("{FAE04EC0-301F-11D3-BF4B-00C04F79EFBC}") = "11.CalcularCoseno", "11.CalcularCoseno\11.CalcularCoseno.csproj", "{ABFE0E52-907E-462C-9F72-F70374E0444B}"
EndProject
Global
	GlobalSection(SolutionConfigurationPlatforms) = preSolution
		Debug|Any CPU = Debug|Any CPU
		Release|Any CPU = Release|Any CPU
	EndGlobalSection
	GlobalSection(ProjectConfigurationPlatforms) = postSolution
		{ABFE0E52-907E-462C-9F72-F70374E0444B}.Debug|Any CPU.ActiveCfg = Debug|Any CPU
		{ABFE0E52-907E-462C-9F72-F70374E0444B}.Debug|Any CPU.Build.0 = Debug|Any CPU
		{ABFE0E52-907E-462C-9F72-F70374E0444B}.Release|Any CPU.ActiveCfg = Release|Any CPU
		{ABFE0E52-907E-462C-9F72-F70374E0444B}.Release|Any CPU.Build.0 = Release|Any CPU
	EndGlobalSection
	GlobalSection(SolutionProperties) = preSolution
		HideSolutionNode = FALSE
	EndGlobalSection
	GlobalSection(ExtensibilityGlobals) = postSolution
		SolutionGuid = {1566A6E7-6665-4273-A002-39E137210825}
	EndGlobalSection
EndGlobal
