
Microsoft Visual Studio Solution File, Format Version 12.00
# Visual Studio Version 17
VisualStudioVersion = 17.9.34728.123
MinimumVisualStudioVersion = 10.0.40219.1
Project("{FAE04EC0-301F-11D3-BF4B-00C04F79EFBC}") = "18.RegresarUnNumeroAlRevez", "18.RegresarUnNumeroAlRevez\18.RegresarUnNumeroAlRevez.csproj", "{A3D1A837-E7CE-4FC1-B451-286C9A8A047B}"
EndProject
Global
	GlobalSection(SolutionConfigurationPlatforms) = preSolution
		Debug|Any CPU = Debug|Any CPU
		Release|Any CPU = Release|Any CPU
	EndGlobalSection
	GlobalSection(ProjectConfigurationPlatforms) = postSolution
		{A3D1A837-E7CE-4FC1-B451-286C9A8A047B}.Debug|Any CPU.ActiveCfg = Debug|Any CPU
		{A3D1A837-E7CE-4FC1-B451-286C9A8A047B}.Debug|Any CPU.Build.0 = Debug|Any CPU
		{A3D1A837-E7CE-4FC1-B451-286C9A8A047B}.Release|Any CPU.ActiveCfg = Release|Any CPU
		{A3D1A837-E7CE-4FC1-B451-286C9A8A047B}.Release|Any CPU.Build.0 = Release|Any CPU
	EndGlobalSection
	GlobalSection(SolutionProperties) = preSolution
		HideSolutionNode = FALSE
	EndGlobalSection
	GlobalSection(ExtensibilityGlobals) = postSolution
		SolutionGuid = {8DCC38A1-0F5C-4AB0-9607-9E20761CA5DA}
	EndGlobalSection
EndGlobal
