
Microsoft Visual Studio Solution File, Format Version 12.00
# Visual Studio Version 17
VisualStudioVersion = 17.9.34728.123
MinimumVisualStudioVersion = 10.0.40219.1
Project("{FAE04EC0-301F-11D3-BF4B-00C04F79EFBC}") = "30.EntradaDeDosNumerosX", "30.EntradaDeDosNumerosX\30.EntradaDeDosNumerosX.csproj", "{B133DA31-6C33-4FFD-BD09-0CA9BF2B14AB}"
EndProject
Global
	GlobalSection(SolutionConfigurationPlatforms) = preSolution
		Debug|Any CPU = Debug|Any CPU
		Release|Any CPU = Release|Any CPU
	EndGlobalSection
	GlobalSection(ProjectConfigurationPlatforms) = postSolution
		{B133DA31-6C33-4FFD-BD09-0CA9BF2B14AB}.Debug|Any CPU.ActiveCfg = Debug|Any CPU
		{B133DA31-6C33-4FFD-BD09-0CA9BF2B14AB}.Debug|Any CPU.Build.0 = Debug|Any CPU
		{B133DA31-6C33-4FFD-BD09-0CA9BF2B14AB}.Release|Any CPU.ActiveCfg = Release|Any CPU
		{B133DA31-6C33-4FFD-BD09-0CA9BF2B14AB}.Release|Any CPU.Build.0 = Release|Any CPU
	EndGlobalSection
	GlobalSection(SolutionProperties) = preSolution
		HideSolutionNode = FALSE
	EndGlobalSection
	GlobalSection(ExtensibilityGlobals) = postSolution
		SolutionGuid = {D39EA529-2C92-416B-A571-A803DDA32D32}
	EndGlobalSection
EndGlobal
