
Microsoft Visual Studio Solution File, Format Version 12.00
# Visual Studio Version 17
VisualStudioVersion = 17.9.34728.123
MinimumVisualStudioVersion = 10.0.40219.1
Project("{FAE04EC0-301F-11D3-BF4B-00C04F79EFBC}") = "1.areaRectangulo", "56-codes\1.areaRectangulo.csproj", "{6CB35D17-4B97-4CAC-86EA-C1145109D84A}"
EndProject
Global
	GlobalSection(SolutionConfigurationPlatforms) = preSolution
		Debug|Any CPU = Debug|Any CPU
		Release|Any CPU = Release|Any CPU
	EndGlobalSection
	GlobalSection(ProjectConfigurationPlatforms) = postSolution
		{6CB35D17-4B97-4CAC-86EA-C1145109D84A}.Debug|Any CPU.ActiveCfg = Debug|Any CPU
		{6CB35D17-4B97-4CAC-86EA-C1145109D84A}.Debug|Any CPU.Build.0 = Debug|Any CPU
		{6CB35D17-4B97-4CAC-86EA-C1145109D84A}.Release|Any CPU.ActiveCfg = Release|Any CPU
		{6CB35D17-4B97-4CAC-86EA-C1145109D84A}.Release|Any CPU.Build.0 = Release|Any CPU
	EndGlobalSection
	GlobalSection(SolutionProperties) = preSolution
		HideSolutionNode = FALSE
	EndGlobalSection
	GlobalSection(ExtensibilityGlobals) = postSolution
		SolutionGuid = {4C53EEEB-198B-40FF-AD9F-D3D2FBB1E506}
	EndGlobalSection
EndGlobal
