
Microsoft Visual Studio Solution File, Format Version 12.00
# Visual Studio Version 17
VisualStudioVersion = 17.9.34728.123
MinimumVisualStudioVersion = 10.0.40219.1
Project("{FAE04EC0-301F-11D3-BF4B-00C04F79EFBC}") = "14.SolucionLineal_ax+b=0", "14.SolucionLineal_ax+b=0\14.SolucionLineal_ax+b=0.csproj", "{62CB1F82-283E-4BB7-BF96-A6CFF3A92A0A}"
EndProject
Global
	GlobalSection(SolutionConfigurationPlatforms) = preSolution
		Debug|Any CPU = Debug|Any CPU
		Release|Any CPU = Release|Any CPU
	EndGlobalSection
	GlobalSection(ProjectConfigurationPlatforms) = postSolution
		{62CB1F82-283E-4BB7-BF96-A6CFF3A92A0A}.Debug|Any CPU.ActiveCfg = Debug|Any CPU
		{62CB1F82-283E-4BB7-BF96-A6CFF3A92A0A}.Debug|Any CPU.Build.0 = Debug|Any CPU
		{62CB1F82-283E-4BB7-BF96-A6CFF3A92A0A}.Release|Any CPU.ActiveCfg = Release|Any CPU
		{62CB1F82-283E-4BB7-BF96-A6CFF3A92A0A}.Release|Any CPU.Build.0 = Release|Any CPU
	EndGlobalSection
	GlobalSection(SolutionProperties) = preSolution
		HideSolutionNode = FALSE
	EndGlobalSection
	GlobalSection(ExtensibilityGlobals) = postSolution
		SolutionGuid = {3569AFB8-0F2E-481E-A9A5-CB546A58A8B9}
	EndGlobalSection
EndGlobal
