
Microsoft Visual Studio Solution File, Format Version 12.00
# Visual Studio Version 17
VisualStudioVersion = 17.9.34728.123
MinimumVisualStudioVersion = 10.0.40219.1
Project("{FAE04EC0-301F-11D3-BF4B-00C04F79EFBC}") = "7.Convertir_F_a_C", "7.Convertir_F_a_C\7.Convertir_F_a_C.csproj", "{E204BCE9-B9A0-40B7-9B67-C7429D8ECDF1}"
EndProject
Global
	GlobalSection(SolutionConfigurationPlatforms) = preSolution
		Debug|Any CPU = Debug|Any CPU
		Release|Any CPU = Release|Any CPU
	EndGlobalSection
	GlobalSection(ProjectConfigurationPlatforms) = postSolution
		{E204BCE9-B9A0-40B7-9B67-C7429D8ECDF1}.Debug|Any CPU.ActiveCfg = Debug|Any CPU
		{E204BCE9-B9A0-40B7-9B67-C7429D8ECDF1}.Debug|Any CPU.Build.0 = Debug|Any CPU
		{E204BCE9-B9A0-40B7-9B67-C7429D8ECDF1}.Release|Any CPU.ActiveCfg = Release|Any CPU
		{E204BCE9-B9A0-40B7-9B67-C7429D8ECDF1}.Release|Any CPU.Build.0 = Release|Any CPU
	EndGlobalSection
	GlobalSection(SolutionProperties) = preSolution
		HideSolutionNode = FALSE
	EndGlobalSection
	GlobalSection(ExtensibilityGlobals) = postSolution
		SolutionGuid = {E4984A4C-D1B5-4514-B061-5F9D66A7AD6D}
	EndGlobalSection
EndGlobal
